<?xml version="1.0" encoding="UTF-8"?>
<CONFIG>
  <ProjectOptions>
    <Version Value="9"/>
    <General>
      <Flags>
        <MainUnitHasUsesSectionForAllUnits Value="False"/>
        <MainUnitHasCreateFormStatements Value="False"/>
        <MainUnitHasTitleStatement Value="False"/>
      </Flags>
      <SessionStorage Value="InProjectDir"/>
      <MainUnit Value="0"/>
      <Title Value="FreeShip"/>
      <UseAppBundle Value="False"/>
      <ResourceType Value="res"/>
      <Icon Value="0"/>
    </General>
    <i18n>
      <EnableI18N LFM="False"/>
    </i18n>
    <VersionInfo>
      <StringTable ProductVersion=""/>
    </VersionInfo>
    <BuildModes Count="1">
      <Item1 Name="Default" Default="True"/>
    </BuildModes>
    <PublishOptions>
      <Version Value="2"/>
    </PublishOptions>
    <RunParams>
      <local>
        <FormatVersion Value="1"/>
      </local>
    </RunParams>
    <RequiredPackages Count="4">
      <Item1>
        <PackageName Value="FreePackage"/>
      </Item1>
      <Item2>
        <PackageName Value="TAChartLazarusPkg"/>
      </Item2>
      <Item3>
        <PackageName Value="Printer4Lazarus"/>
      </Item3>
      <Item4>
        <PackageName Value="LCL"/>
      </Item4>
    </RequiredPackages>
    <Units Count="59">
      <Unit0>
        <Filename Value="FreeShip.dpr"/>
        <IsPartOfProject Value="True"/>
      </Unit0>
      <Unit1>
        <Filename Value="Units/FreeLanguageSupport.pas"/>
        <IsPartOfProject Value="True"/>
        <UnitName Value="FreeLanguageSupport"/>
      </Unit1>
      <Unit2>
        <Filename Value="Forms/Main.pas"/>
        <IsPartOfProject Value="True"/>
        <ComponentName Value="MainForm"/>
        <HasResources Value="True"/>
        <ResourceBaseClass Value="Form"/>
        <UnitName Value="Main"/>
      </Unit2>
      <Unit3>
        <Filename Value="Forms/FreeHullformWindow.pas"/>
        <IsPartOfProject Value="True"/>
        <ComponentName Value="FreeHullWindow"/>
        <HasResources Value="True"/>
        <ResourceBaseClass Value="Form"/>
        <UnitName Value="FreeHullformWindow"/>
      </Unit3>
      <Unit4>
        <Filename Value="Forms/FreeLayerDlg.pas"/>
        <IsPartOfProject Value="True"/>
        <HasResources Value="True"/>
        <UnitName Value="FreeLayerDlg"/>
      </Unit4>
      <Unit5>
        <Filename Value="Forms/FreeNewModelDlg.pas"/>
        <IsPartOfProject Value="True"/>
        <HasResources Value="True"/>
        <UnitName Value="FreeNewModelDlg"/>
      </Unit5>
      <Unit6>
        <Filename Value="Forms/FreeSplashWndw.pas"/>
        <IsPartOfProject Value="True"/>
        <ComponentName Value="FreeSplashWindow"/>
        <HasResources Value="True"/>
        <ResourceBaseClass Value="Form"/>
        <UnitName Value="FreeSplashWndw"/>
      </Unit6>
      <Unit7>
        <Filename Value="Units/FreeVersionUnit.pas"/>
        <IsPartOfProject Value="True"/>
        <UnitName Value="FreeVersionUnit"/>
      </Unit7>
      <Unit8>
        <Filename Value="Forms/FreeIntersectionDlg.pas"/>
        <IsPartOfProject Value="True"/>
        <HasResources Value="True"/>
        <UnitName Value="FreeIntersectionDlg"/>
      </Unit8>
      <Unit9>
        <Filename Value="Forms/FreeExtrudeDlg.pas"/>
        <IsPartOfProject Value="True"/>
        <HasResources Value="True"/>
        <UnitName Value="FreeExtrudeDlg"/>
      </Unit9>
      <Unit10>
        <Filename Value="Forms/FreeControlPointFrm.pas"/>
        <IsPartOfProject Value="True"/>
        <HasResources Value="True"/>
        <UnitName Value="FreeControlPointFrm"/>
      </Unit10>
      <Unit11>
        <Filename Value="Forms/FreeProjectSettingsDlg.pas"/>
        <IsPartOfProject Value="True"/>
        <HasResources Value="True"/>
        <UnitName Value="FreeProjectSettingsDlg"/>
      </Unit11>
      <Unit12>
        <Filename Value="Forms/FreeRotateDlg.pas"/>
        <IsPartOfProject Value="True"/>
        <HasResources Value="True"/>
        <UnitName Value="FreeRotateDlg"/>
      </Unit12>
      <Unit13>
        <Filename Value="Forms/FreePreferencesDlg.pas"/>
        <IsPartOfProject Value="True"/>
        <HasResources Value="True"/>
        <UnitName Value="FreePreferencesDlg"/>
      </Unit13>
      <Unit14>
        <Filename Value="Forms/FreeExpanedPlatesDlg.pas"/>
        <IsPartOfProject Value="True"/>
        <HasResources Value="True"/>
        <UnitName Value="FreeExpanedPlatesDlg"/>
      </Unit14>
      <Unit15>
        <Filename Value="Forms/FreeLinesplanFrme.pas"/>
        <IsPartOfProject Value="True"/>
        <HasResources Value="True"/>
        <UnitName Value="FreeLinesplanFrme"/>
      </Unit15>
      <Unit16>
        <Filename Value="Forms/FreeLinesplanFrm.pas"/>
        <IsPartOfProject Value="True"/>
        <HasResources Value="True"/>
        <UnitName Value="FreeLinesplanFrm"/>
      </Unit16>
      <Unit17>
        <Filename Value="Forms/FreeSaveImageDlg.pas"/>
        <IsPartOfProject Value="True"/>
        <HasResources Value="True"/>
        <UnitName Value="FreeSaveImageDlg"/>
      </Unit17>
      <Unit18>
        <Filename Value="Forms/FreeInsertPlaneDlg.pas"/>
        <IsPartOfProject Value="True"/>
        <HasResources Value="True"/>
        <UnitName Value="FreeInsertPlaneDlg"/>
      </Unit18>
      <Unit19>
        <Filename Value="Forms/FreeMichletOutputDlg.pas"/>
        <IsPartOfProject Value="True"/>
        <HasResources Value="True"/>
        <UnitName Value="FreeMichletOutputDlg"/>
      </Unit19>
      <Unit20>
        <Filename Value="Forms/FreeAddMassOutputDlg.pas"/>
        <IsPartOfProject Value="True"/>
        <HasResources Value="True"/>
        <UnitName Value="FreeAddMassOutputDlg"/>
      </Unit20>
      <Unit21>
        <Filename Value="Forms/FreeResistance_KaperDlg.pas"/>
        <IsPartOfProject Value="True"/>
        <ComponentName Value="FreeResistance_Kaper"/>
        <HasResources Value="True"/>
        <ResourceBaseClass Value="Form"/>
        <UnitName Value="FreeResistance_KaperDlg"/>
      </Unit21>
      <Unit22>
        <Filename Value="Forms/FreeResistance_DelftDlg.pas"/>
        <IsPartOfProject Value="True"/>
        <ComponentName Value="FreeResistance_Delft"/>
        <HasResources Value="True"/>
        <ResourceBaseClass Value="Form"/>
        <UnitName Value="FreeResistance_DelftDlg"/>
      </Unit22>
      <Unit23>
        <Filename Value="Forms/FreeResistance_HoltrDlg.pas"/>
        <IsPartOfProject Value="True"/>
        <ComponentName Value="FreeResistance_Holtr"/>
        <HasResources Value="True"/>
        <ResourceBaseClass Value="Form"/>
        <UnitName Value="FreeResistance_HoltrDlg"/>
      </Unit23>
      <Unit24>
        <Filename Value="Forms/FreeResistance_HollenDlg.pas"/>
        <IsPartOfProject Value="True"/>
        <ComponentName Value="FreeResistance_Hollen"/>
        <HasResources Value="True"/>
        <ResourceBaseClass Value="Form"/>
        <UnitName Value="FreeResistance_HollenDlg"/>
      </Unit24>
      <Unit25>
        <Filename Value="Forms/FreeResistance_OortmerDlg.pas"/>
        <IsPartOfProject Value="True"/>
        <ComponentName Value="FreeResistance_Oortmer"/>
        <HasResources Value="True"/>
        <ResourceBaseClass Value="Form"/>
        <UnitName Value="FreeResistance_OortmerDlg"/>
      </Unit25>
      <Unit26>
        <Filename Value="Forms/FreeResistance_FungLeibDlg.pas"/>
        <IsPartOfProject Value="True"/>
        <ComponentName Value="FreeResistance_FungLeib"/>
        <HasResources Value="True"/>
        <ResourceBaseClass Value="Form"/>
        <UnitName Value="FreeResistance_FungLeibDlg"/>
      </Unit26>
      <Unit27>
        <Filename Value="Forms/FreeResistance_OSTDlg.pas"/>
        <IsPartOfProject Value="True"/>
        <ComponentName Value="FreeResistance_OST"/>
        <HasResources Value="True"/>
        <ResourceBaseClass Value="Form"/>
        <UnitName Value="FreeResistance_OSTDlg"/>
      </Unit27>
      <Unit28>
        <Filename Value="Forms/FreePropeller_Task1Dlg.pas"/>
        <IsPartOfProject Value="True"/>
        <ComponentName Value="FreePropeller_Task1"/>
        <HasResources Value="True"/>
        <ResourceBaseClass Value="Form"/>
        <UnitName Value="FreePropeller_Task1Dlg"/>
      </Unit28>
      <Unit29>
        <Filename Value="Forms/FreePropeller_Task2Dlg.pas"/>
        <IsPartOfProject Value="True"/>
        <ComponentName Value="FreePropeller_Task2"/>
        <HasResources Value="True"/>
        <ResourceBaseClass Value="Form"/>
        <UnitName Value="FreePropeller_Task2Dlg"/>
      </Unit29>
      <Unit30>
        <Filename Value="Forms/FreePropeller_Task3Dlg.pas"/>
        <IsPartOfProject Value="True"/>
        <ComponentName Value="FreePropeller_Task3"/>
        <HasResources Value="True"/>
        <ResourceBaseClass Value="Form"/>
        <UnitName Value="FreePropeller_Task3Dlg"/>
      </Unit30>
      <Unit31>
        <Filename Value="Forms/FreeHydrodyn_Task1Dlg.pas"/>
        <IsPartOfProject Value="True"/>
        <ComponentName Value="FreeHydrodyn_Task1"/>
        <HasResources Value="True"/>
        <ResourceBaseClass Value="Form"/>
        <UnitName Value="FreeHydrodyn_Task1Dlg"/>
      </Unit31>
      <Unit32>
        <Filename Value="Forms/FreeMirrorPlaneDlg.pas"/>
        <IsPartOfProject Value="True"/>
        <HasResources Value="True"/>
        <UnitName Value="FreeMirrorPlaneDlg"/>
      </Unit32>
      <Unit33>
        <Filename Value="Forms/FreeSelectLayersDlg.pas"/>
        <IsPartOfProject Value="True"/>
        <HasResources Value="True"/>
        <UnitName Value="FreeSelectLayersDlg"/>
      </Unit33>
      <Unit34>
        <Filename Value="Forms/FreeKeelWizardDlg.pas"/>
        <IsPartOfProject Value="True"/>
        <HasResources Value="True"/>
        <UnitName Value="FreeKeelWizardDlg"/>
      </Unit34>
      <Unit35>
        <Filename Value="Units/FreeNumInput.pas"/>
        <IsPartOfProject Value="True"/>
        <UnitName Value="FreeNumInput"/>
      </Unit35>
      <Unit36>
        <Filename Value="Units/VRMLUnit.pas"/>
        <IsPartOfProject Value="True"/>
        <UnitName Value="VRMLUnit"/>
      </Unit36>
      <Unit37>
        <Filename Value="Forms/FreeLackenbyDlg.pas"/>
        <IsPartOfProject Value="True"/>
        <HasResources Value="True"/>
        <UnitName Value="FreeLackenbyDlg"/>
      </Unit37>
      <Unit38>
        <Filename Value="Units/FreeIGESUnit.pas"/>
        <IsPartOfProject Value="True"/>
        <UnitName Value="FreeIGESUnit"/>
      </Unit38>
      <Unit39>
        <Filename Value="Forms/FreeIntersectLayerDlg.pas"/>
        <IsPartOfProject Value="True"/>
        <HasResources Value="True"/>
        <UnitName Value="FreeIntersectLayerDlg"/>
      </Unit39>
      <Unit40>
        <Filename Value="Forms/FreeUndoHistoryDlg.pas"/>
        <IsPartOfProject Value="True"/>
        <HasResources Value="True"/>
        <UnitName Value="FreeUndoHistoryDlg"/>
      </Unit40>
      <Unit41>
        <Filename Value="Forms/FreeHydrostaticsResultsDlg.pas"/>
        <IsPartOfProject Value="True"/>
        <HasResources Value="True"/>
        <UnitName Value="FreeHydrostaticsResultsDlg"/>
      </Unit41>
      <Unit42>
        <Filename Value="Forms/FreeBackgroundBlendingDlg.pas"/>
        <IsPartOfProject Value="True"/>
        <HasResources Value="True"/>
        <UnitName Value="FreeBackgroundBlendingDlg"/>
      </Unit42>
      <Unit43>
        <Filename Value="Forms/FreeCylinderDlg.pas"/>
        <IsPartOfProject Value="True"/>
        <HasResources Value="True"/>
        <UnitName Value="FreeCylinderDlg"/>
      </Unit43>
      <Unit44>
        <Filename Value="Units/FreeStringsUnit.pas"/>
        <IsPartOfProject Value="True"/>
        <UnitName Value="FreeStringsUnit"/>
      </Unit44>
      <Unit45>
        <Filename Value="Forms/Free2DDXFExportDlg.pas"/>
        <IsPartOfProject Value="True"/>
        <HasResources Value="True"/>
        <UnitName Value="Free2DDXFExportDlg"/>
      </Unit45>
      <Unit46>
        <Filename Value="Forms/FreeCrosscurvesDlg.pas"/>
        <IsPartOfProject Value="True"/>
        <ComponentName Value="FreeCrosscurvesDialog"/>
        <HasResources Value="True"/>
        <ResourceBaseClass Value="Form"/>
        <UnitName Value="FreeCrosscurvesDlg"/>
      </Unit46>
      <Unit47>
        <Filename Value="Forms/FreeRotateDlgM.pas"/>
        <IsPartOfProject Value="True"/>
        <ComponentName Value="FreeRotateMDialog"/>
        <HasResources Value="True"/>
        <ResourceBaseClass Value="Form"/>
        <UnitName Value="FreeRotateDlgM"/>
      </Unit47>
      <Unit48>
        <Filename Value="Units/FasterList.pas"/>
        <IsPartOfProject Value="True"/>
        <UnitName Value="FasterList"/>
      </Unit48>
      <Unit49>
        <Filename Value="Forms/FreeHydrodyn_RVRSDlg.pas"/>
        <IsPartOfProject Value="True"/>
        <ComponentName Value="FreeHydrodyn_Rvrs"/>
        <HasResources Value="True"/>
        <ResourceBaseClass Value="Form"/>
        <UnitName Value="FreeHydrodyn_RVRSDlg"/>
      </Unit49>
      <Unit50>
        <Filename Value="Forms/FreeHydrostaticsDlg.pas"/>
        <IsPartOfProject Value="True"/>
        <HasResources Value="True"/>
        <UnitName Value="FreeHydrostaticsDlg"/>
      </Unit50>
      <Unit51>
        <Filename Value="Units/FreeShipUnit.pas"/>
        <IsPartOfProject Value="True"/>
        <UnitName Value="FreeShipUnit"/>
      </Unit51>
      <Unit52>
        <Filename Value="Forms/unit1.pas"/>
        <IsPartOfProject Value="True"/>
        <ComponentName Value="Form1"/>
        <HasResources Value="True"/>
        <ResourceBaseClass Value="Form"/>
        <UnitName Value="Unit1"/>
      </Unit52>
      <Unit53>
        <Filename Value="Forms/FreeResistance_PlaningDlg.pas"/>
        <IsPartOfProject Value="True"/>
        <ComponentName Value="FreeResistance_Planing"/>
        <HasResources Value="True"/>
        <ResourceBaseClass Value="Form"/>
        <UnitName Value="FreeResistance_PlaningDlg"/>
      </Unit53>
      <Unit54>
        <Filename Value="/usr/share/lazarus/1.2.6/lcl/include/control.inc"/>
        <IsPartOfProject Value="True"/>
      </Unit54>
      <Unit55>
        <Filename Value="Forms/FreeResistance_MHDlg.pas"/>
        <IsPartOfProject Value="True"/>
        <ComponentName Value="FreeResistance_MH"/>
        <HasResources Value="True"/>
        <ResourceBaseClass Value="Form"/>
        <UnitName Value="FreeResistance_MHDlg"/>
      </Unit55>
      <Unit56>
        <Filename Value="Forms/FreeResistance_RBHSDlg.pas"/>
        <IsPartOfProject Value="True"/>
        <ComponentName Value="FreeResistance_RBHS"/>
        <HasResources Value="True"/>
        <ResourceBaseClass Value="Form"/>
        <UnitName Value="FreeResistance_RBHSDlg"/>
      </Unit56>
      <Unit57>
        <Filename Value="Forms/FreePropeller_Task4Dlg.pas"/>
        <IsPartOfProject Value="True"/>
        <ComponentName Value="FreePropeller_Task4"/>
        <HasResources Value="True"/>
        <ResourceBaseClass Value="Form"/>
        <UnitName Value="FreePropeller_Task4Dlg"/>
      </Unit57>
      <Unit58>
        <Filename Value="Forms/FreePropeller_Task5Dlg.pas"/>
        <IsPartOfProject Value="True"/>
        <ComponentName Value="FreePropeller_Task5"/>
        <HasResources Value="True"/>
        <ResourceBaseClass Value="Form"/>
        <UnitName Value="FreePropeller_Task5Dlg"/>
      </Unit58>
    </Units>
  </ProjectOptions>
  <CompilerOptions>
    <Version Value="11"/>
    <SearchPaths>
      <IncludeFiles Value="Units;Forms;$(ProjOutDir)"/>
      <OtherUnitFiles Value="Units;Forms"/>
    </SearchPaths>
    <Parsing>
      <SyntaxOptions>
        <SyntaxMode Value="Delphi"/>
        <IncludeAssertionCode Value="True"/>
      </SyntaxOptions>
    </Parsing>
    <CodeGeneration>
      <Checks>
        <IOChecks Value="True"/>
        <RangeChecks Value="True"/>
        <OverflowChecks Value="True"/>
        <StackChecks Value="True"/>
      </Checks>
      <VerifyObjMethodCallValidity Value="True"/>
      <Optimizations>
        <OptimizationLevel Value="0"/>
      </Optimizations>
    </CodeGeneration>
    <Linking>
      <Debugging>
        <DebugInfoType Value="dsDwarf2"/>
      </Debugging>
      <Options>
        <Win32>
          <GraphicApplication Value="True"/>
        </Win32>
      </Options>
    </Linking>
    <Other>
      <Verbosity>
        <ShowGenInfo Value="False"/>
        <ShoLineNum Value="True"/>
      </Verbosity>
      <CompilerMessages>
        <MsgFileName Value=""/>
      </CompilerMessages>
      <CustomOptions Value="-dBorland -dVer150 -dDelphi7 -dCompiler6_Up -dPUREPASCAL"/>
      <CompilerPath Value="$(CompPath)"/>
    </Other>
  </CompilerOptions>
  <Debugging>
    <Exceptions Count="3">
      <Item1>
        <Name Value="EAbort"/>
      </Item1>
      <Item2>
        <Name Value="ECodetoolError"/>
      </Item2>
      <Item3>
        <Name Value="EFOpenError"/>
      </Item3>
    </Exceptions>
  </Debugging>
</CONFIG>
